
Microsoft Visual Studio Solution File, Format Version 12.00
# Visual Studio 15
VisualStudioVersion = 15.0.28307.1022
MinimumVisualStudioVersion = 10.0.40219.1
Project("{FAE04EC0-301F-11D3-BF4B-00C04F79EFBC}") = "CSharpFundamentals", "CSharpFundamentals\CSharpFundamentals.csproj", "{0DDAB2DE-EDDC-4F95-8B27-D85BF3259E60}"
EndProject
Global
	GlobalSection(SolutionConfigurationPlatforms) = preSolution
		Debug|Any CPU = Debug|Any CPU
		Release|Any CPU = Release|Any CPU
	EndGlobalSection
	GlobalSection(ProjectConfigurationPlatforms) = postSolution
		{0DDAB2DE-EDDC-4F95-8B27-D85BF3259E60}.Debug|Any CPU.ActiveCfg = Debug|Any CPU
		{0DDAB2DE-EDDC-4F95-8B27-D85BF3259E60}.Debug|Any CPU.Build.0 = Debug|Any CPU
		{0DDAB2DE-EDDC-4F95-8B27-D85BF3259E60}.Release|Any CPU.ActiveCfg = Release|Any CPU
		{0DDAB2DE-EDDC-4F95-8B27-D85BF3259E60}.Release|Any CPU.Build.0 = Release|Any CPU
	EndGlobalSection
	GlobalSection(SolutionProperties) = preSolution
		HideSolutionNode = FALSE
	EndGlobalSection
	GlobalSection(ExtensibilityGlobals) = postSolution
		SolutionGuid = {E1DF02E1-DA20-45D6-B89C-A59A0C174ED8}
	EndGlobalSection
EndGlobal
